
Microsoft Visual Studio Solution File, Format Version 10.00
# Visual C++ Express 2008
Project("{8BC9CEB8-8B4A-11D0-8D11-00A0C91BC942}") = "ekhook", "ekhook\ekhook.vcproj", "{68D9CD6B-E9AA-45A4-9D67-EB7D63A12C81}"
EndProject
Project("{8BC9CEB8-8B4A-11D0-8D11-00A0C91BC942}") = "ektest", "ektest\ektest.vcproj", "{08C3C397-84AB-4849-A9DF-0457BE5C6F8E}"
	ProjectSection(ProjectDependencies) = postProject
		{68D9CD6B-E9AA-45A4-9D67-EB7D63A12C81} = {68D9CD6B-E9AA-45A4-9D67-EB7D63A12C81}
	EndProjectSection
EndProject
Global
	GlobalSection(SolutionConfigurationPlatforms) = preSolution
		Debug|Win32 = Debug|Win32
		Release|Win32 = Release|Win32
	EndGlobalSection
	GlobalSection(ProjectConfigurationPlatforms) = postSolution
		{68D9CD6B-E9AA-45A4-9D67-EB7D63A12C81}.Debug|Win32.ActiveCfg = Debug|Win32
		{68D9CD6B-E9AA-45A4-9D67-EB7D63A12C81}.Debug|Win32.Build.0 = Debug|Win32
		{68D9CD6B-E9AA-45A4-9D67-EB7D63A12C81}.Release|Win32.ActiveCfg = Release|Win32
		{68D9CD6B-E9AA-45A4-9D67-EB7D63A12C81}.Release|Win32.Build.0 = Release|Win32
		{08C3C397-84AB-4849-A9DF-0457BE5C6F8E}.Debug|Win32.ActiveCfg = Debug|Win32
		{08C3C397-84AB-4849-A9DF-0457BE5C6F8E}.Debug|Win32.Build.0 = Debug|Win32
		{08C3C397-84AB-4849-A9DF-0457BE5C6F8E}.Release|Win32.ActiveCfg = Release|Win32
		{08C3C397-84AB-4849-A9DF-0457BE5C6F8E}.Release|Win32.Build.0 = Release|Win32
	EndGlobalSection
	GlobalSection(SolutionProperties) = preSolution
		HideSolutionNode = FALSE
	EndGlobalSection
EndGlobal
